
Microsoft Visual Studio Solution File, Format Version 12.00
# Visual Studio 2012
Project("{FAE04EC0-301F-11D3-BF4B-00C04F79EFBC}") = "KITBOX_project", "KITBOX_project\KITBOX_project.csproj", "{674752D9-B4D6-401A-A7A8-61BE823FDBB9}"
EndProject
Project("{FAE04EC0-301F-11D3-BF4B-00C04F79EFBC}") = "Main_Project", "Main_Project\Main_Project.csproj", "{E4824416-962A-442C-AE27-31B954887192}"
EndProject
Global
	GlobalSection(SolutionConfigurationPlatforms) = preSolution
		Debug|Any CPU = Debug|Any CPU
		Release|Any CPU = Release|Any CPU
	EndGlobalSection
	GlobalSection(ProjectConfigurationPlatforms) = postSolution
		{674752D9-B4D6-401A-A7A8-61BE823FDBB9}.Debug|Any CPU.ActiveCfg = Debug|Any CPU
		{674752D9-B4D6-401A-A7A8-61BE823FDBB9}.Debug|Any CPU.Build.0 = Debug|Any CPU
		{674752D9-B4D6-401A-A7A8-61BE823FDBB9}.Release|Any CPU.ActiveCfg = Release|Any CPU
		{674752D9-B4D6-401A-A7A8-61BE823FDBB9}.Release|Any CPU.Build.0 = Release|Any CPU
		{E4824416-962A-442C-AE27-31B954887192}.Debug|Any CPU.ActiveCfg = Debug|Any CPU
		{E4824416-962A-442C-AE27-31B954887192}.Debug|Any CPU.Build.0 = Debug|Any CPU
		{E4824416-962A-442C-AE27-31B954887192}.Release|Any CPU.ActiveCfg = Release|Any CPU
		{E4824416-962A-442C-AE27-31B954887192}.Release|Any CPU.Build.0 = Release|Any CPU
	EndGlobalSection
EndGlobal
